Microsoft Visual Studio Solution File, Format Version 12.00
# Visual Studio 2012
Project("{8BC9CEB8-8B4A-11D0-8D11-00A0C91BC942}") = "ALL_BUILD", "ALL_BUILD.vcxproj", "{CC336288-0E7A-4A30-A8E2-FB4045F0D861}"
	ProjectSection(ProjectDependencies) = postProject
		{1FDB700F-DEBC-4052-BA8A-483CF2632867} = {1FDB700F-DEBC-4052-BA8A-483CF2632867}
		{45801D1E-212E-4C7C-B972-63B4344FF658} = {45801D1E-212E-4C7C-B972-63B4344FF658}
		{F9881EAD-C56C-4557-A2A6-06CD8FDEA5E7} = {F9881EAD-C56C-4557-A2A6-06CD8FDEA5E7}
	EndProjectSection
EndProject
Project("{8BC9CEB8-8B4A-11D0-8D11-00A0C91BC942}") = "PointCloudSocket", "PointCloudSocket.vcxproj", "{1FDB700F-DEBC-4052-BA8A-483CF2632867}"
	ProjectSection(ProjectDependencies) = postProject
		{45801D1E-212E-4C7C-B972-63B4344FF658} = {45801D1E-212E-4C7C-B972-63B4344FF658}
	EndProjectSection
EndProject
Project("{8BC9CEB8-8B4A-11D0-8D11-00A0C91BC942}") = "ZERO_CHECK", "ZERO_CHECK.vcxproj", "{45801D1E-212E-4C7C-B972-63B4344FF658}"
	ProjectSection(ProjectDependencies) = postProject
	EndProjectSection
EndProject
Project("{8BC9CEB8-8B4A-11D0-8D11-00A0C91BC942}") = "gpu_utility", "gpu_utility.vcxproj", "{F9881EAD-C56C-4557-A2A6-06CD8FDEA5E7}"
	ProjectSection(ProjectDependencies) = postProject
		{45801D1E-212E-4C7C-B972-63B4344FF658} = {45801D1E-212E-4C7C-B972-63B4344FF658}
	EndProjectSection
EndProject
Global
	GlobalSection(SolutionConfigurationPlatforms) = preSolution
		Debug|x64 = Debug|x64
		Release|x64 = Release|x64
		MinSizeRel|x64 = MinSizeRel|x64
		RelWithDebInfo|x64 = RelWithDebInfo|x64
	EndGlobalSection
	GlobalSection(ProjectConfigurationPlatforms) = postSolution
		{CC336288-0E7A-4A30-A8E2-FB4045F0D861}.Debug|x64.ActiveCfg = Debug|x64
		{CC336288-0E7A-4A30-A8E2-FB4045F0D861}.Release|x64.ActiveCfg = Release|x64
		{CC336288-0E7A-4A30-A8E2-FB4045F0D861}.MinSizeRel|x64.ActiveCfg = MinSizeRel|x64
		{CC336288-0E7A-4A30-A8E2-FB4045F0D861}.RelWithDebInfo|x64.ActiveCfg = RelWithDebInfo|x64
		{1FDB700F-DEBC-4052-BA8A-483CF2632867}.Debug|x64.ActiveCfg = Debug|x64
		{1FDB700F-DEBC-4052-BA8A-483CF2632867}.Debug|x64.Build.0 = Debug|x64
		{1FDB700F-DEBC-4052-BA8A-483CF2632867}.Release|x64.ActiveCfg = Release|x64
		{1FDB700F-DEBC-4052-BA8A-483CF2632867}.Release|x64.Build.0 = Release|x64
		{1FDB700F-DEBC-4052-BA8A-483CF2632867}.MinSizeRel|x64.ActiveCfg = MinSizeRel|x64
		{1FDB700F-DEBC-4052-BA8A-483CF2632867}.MinSizeRel|x64.Build.0 = MinSizeRel|x64
		{1FDB700F-DEBC-4052-BA8A-483CF2632867}.RelWithDebInfo|x64.ActiveCfg = RelWithDebInfo|x64
		{1FDB700F-DEBC-4052-BA8A-483CF2632867}.RelWithDebInfo|x64.Build.0 = RelWithDebInfo|x64
		{45801D1E-212E-4C7C-B972-63B4344FF658}.Debug|x64.ActiveCfg = Debug|x64
		{45801D1E-212E-4C7C-B972-63B4344FF658}.Debug|x64.Build.0 = Debug|x64
		{45801D1E-212E-4C7C-B972-63B4344FF658}.Release|x64.ActiveCfg = Release|x64
		{45801D1E-212E-4C7C-B972-63B4344FF658}.Release|x64.Build.0 = Release|x64
		{45801D1E-212E-4C7C-B972-63B4344FF658}.MinSizeRel|x64.ActiveCfg = MinSizeRel|x64
		{45801D1E-212E-4C7C-B972-63B4344FF658}.MinSizeRel|x64.Build.0 = MinSizeRel|x64
		{45801D1E-212E-4C7C-B972-63B4344FF658}.RelWithDebInfo|x64.ActiveCfg = RelWithDebInfo|x64
		{45801D1E-212E-4C7C-B972-63B4344FF658}.RelWithDebInfo|x64.Build.0 = RelWithDebInfo|x64
		{F9881EAD-C56C-4557-A2A6-06CD8FDEA5E7}.Debug|x64.ActiveCfg = Debug|x64
		{F9881EAD-C56C-4557-A2A6-06CD8FDEA5E7}.Debug|x64.Build.0 = Debug|x64
		{F9881EAD-C56C-4557-A2A6-06CD8FDEA5E7}.Release|x64.ActiveCfg = Release|x64
		{F9881EAD-C56C-4557-A2A6-06CD8FDEA5E7}.Release|x64.Build.0 = Release|x64
		{F9881EAD-C56C-4557-A2A6-06CD8FDEA5E7}.MinSizeRel|x64.ActiveCfg = MinSizeRel|x64
		{F9881EAD-C56C-4557-A2A6-06CD8FDEA5E7}.MinSizeRel|x64.Build.0 = MinSizeRel|x64
		{F9881EAD-C56C-4557-A2A6-06CD8FDEA5E7}.RelWithDebInfo|x64.ActiveCfg = RelWithDebInfo|x64
		{F9881EAD-C56C-4557-A2A6-06CD8FDEA5E7}.RelWithDebInfo|x64.Build.0 = RelWithDebInfo|x64
	EndGlobalSection
	GlobalSection(ExtensibilityGlobals) = postSolution
	EndGlobalSection
	GlobalSection(ExtensibilityAddIns) = postSolution
	EndGlobalSection
EndGlobal
